
Microsoft Visual Studio Solution File, Format Version 12.00
# Visual Studio Version 16
VisualStudioVersion = 16.0.30717.126
MinimumVisualStudioVersion = 10.0.40219.1
Project("{8BC9CEB8-8B4A-11D0-8D11-00A0C91BC942}") = "c-programming-017-SimpleWeatherProgram", "c-programming-017-SimpleWeatherProgram\c-programming-017-SimpleWeatherProgram.vcxproj", "{D3EB0B46-A312-419F-907B-35A2005EF007}"
EndProject
Global
	GlobalSection(SolutionConfigurationPlatforms) = preSolution
		Debug|x64 = Debug|x64
		Debug|x86 = Debug|x86
		Release|x64 = Release|x64
		Release|x86 = Release|x86
	EndGlobalSection
	GlobalSection(ProjectConfigurationPlatforms) = postSolution
		{D3EB0B46-A312-419F-907B-35A2005EF007}.Debug|x64.ActiveCfg = Debug|x64
		{D3EB0B46-A312-419F-907B-35A2005EF007}.Debug|x64.Build.0 = Debug|x64
		{D3EB0B46-A312-419F-907B-35A2005EF007}.Debug|x86.ActiveCfg = Debug|Win32
		{D3EB0B46-A312-419F-907B-35A2005EF007}.Debug|x86.Build.0 = Debug|Win32
		{D3EB0B46-A312-419F-907B-35A2005EF007}.Release|x64.ActiveCfg = Release|x64
		{D3EB0B46-A312-419F-907B-35A2005EF007}.Release|x64.Build.0 = Release|x64
		{D3EB0B46-A312-419F-907B-35A2005EF007}.Release|x86.ActiveCfg = Release|Win32
		{D3EB0B46-A312-419F-907B-35A2005EF007}.Release|x86.Build.0 = Release|Win32
	EndGlobalSection
	GlobalSection(SolutionProperties) = preSolution
		HideSolutionNode = FALSE
	EndGlobalSection
	GlobalSection(ExtensibilityGlobals) = postSolution
		SolutionGuid = {FC54F4F5-B5B0-4D04-854C-E3B7705875A9}
	EndGlobalSection
EndGlobal
